
Microsoft Visual Studio Solution File, Format Version 12.00
# Visual Studio Version 16
VisualStudioVersion = 16.0.29728.190
MinimumVisualStudioVersion = 10.0.40219.1
Project("{FAE04EC0-301F-11D3-BF4B-00C04F79EFBC}") = "BlazorDemo", "BlazorDemo\BlazorDemo.csproj", "{5517C3E2-7DB7-4961-8791-AE02D05F66CF}"
EndProject
Global
	GlobalSection(SolutionConfigurationPlatforms) = preSolution
		Debug|Any CPU = Debug|Any CPU
		Release|Any CPU = Release|Any CPU
	EndGlobalSection
	GlobalSection(ProjectConfigurationPlatforms) = postSolution
		{5517C3E2-7DB7-4961-8791-AE02D05F66CF}.Debug|Any CPU.ActiveCfg = Debug|Any CPU
		{5517C3E2-7DB7-4961-8791-AE02D05F66CF}.Debug|Any CPU.Build.0 = Debug|Any CPU
		{5517C3E2-7DB7-4961-8791-AE02D05F66CF}.Release|Any CPU.ActiveCfg = Release|Any CPU
		{5517C3E2-7DB7-4961-8791-AE02D05F66CF}.Release|Any CPU.Build.0 = Release|Any CPU
	EndGlobalSection
	GlobalSection(SolutionProperties) = preSolution
		HideSolutionNode = FALSE
	EndGlobalSection
	GlobalSection(ExtensibilityGlobals) = postSolution
		SolutionGuid = {AD7E8BCA-9347-4E1E-B937-7B27CEEE4EDF}
	EndGlobalSection
EndGlobal
