
Microsoft Visual Studio Solution File, Format Version 12.00
# Visual Studio Version 16
VisualStudioVersion = 16.0.29728.190
MinimumVisualStudioVersion = 10.0.40219.1
Project("{9A19103F-16F7-4668-BE54-9A1E7A4F7556}") = "HillarysPieShopHRM.Shared", "HillarysPieShopHRM.Shared\HillarysPieShopHRM.Shared.csproj", "{F1936C63-129E-4A1C-8B53-EB3E144A2104}"
EndProject
Project("{9A19103F-16F7-4668-BE54-9A1E7A4F7556}") = "HillarysPieShopHRM.Server", "HillarysPieShopHRM.Server\HillarysPieShopHRM.Server.csproj", "{0E21B117-B8D1-4535-993C-D271B18BC115}"
EndProject
Global
	GlobalSection(SolutionConfigurationPlatforms) = preSolution
		Debug|Any CPU = Debug|Any CPU
		Release|Any CPU = Release|Any CPU
	EndGlobalSection
	GlobalSection(ProjectConfigurationPlatforms) = postSolution
		{F1936C63-129E-4A1C-8B53-EB3E144A2104}.Debug|Any CPU.ActiveCfg = Debug|Any CPU
		{F1936C63-129E-4A1C-8B53-EB3E144A2104}.Debug|Any CPU.Build.0 = Debug|Any CPU
		{F1936C63-129E-4A1C-8B53-EB3E144A2104}.Release|Any CPU.ActiveCfg = Release|Any CPU
		{F1936C63-129E-4A1C-8B53-EB3E144A2104}.Release|Any CPU.Build.0 = Release|Any CPU
		{0E21B117-B8D1-4535-993C-D271B18BC115}.Debug|Any CPU.ActiveCfg = Debug|Any CPU
		{0E21B117-B8D1-4535-993C-D271B18BC115}.Debug|Any CPU.Build.0 = Debug|Any CPU
		{0E21B117-B8D1-4535-993C-D271B18BC115}.Release|Any CPU.ActiveCfg = Release|Any CPU
		{0E21B117-B8D1-4535-993C-D271B18BC115}.Release|Any CPU.Build.0 = Release|Any CPU
	EndGlobalSection
	GlobalSection(SolutionProperties) = preSolution
		HideSolutionNode = FALSE
	EndGlobalSection
	GlobalSection(ExtensibilityGlobals) = postSolution
		SolutionGuid = {C43080C2-8C87-41CA-8DE6-A948A2F6EF37}
	EndGlobalSection
EndGlobal
